
Microsoft Visual Studio Solution File, Format Version 12.00
# Visual Studio Version 16
VisualStudioVersion = 16.0.30907.101
MinimumVisualStudioVersion = 10.0.40219.1
Project("{FAE04EC0-301F-11D3-BF4B-00C04F79EFBC}") = "ConsoleUI", "ConsoleUI\ConsoleUI.csproj", "{233F15FE-CAC6-43C1-B8DE-B614B279B826}"
EndProject
Project("{FAE04EC0-301F-11D3-BF4B-00C04F79EFBC}") = "DataAccess", "DataAccess\DataAccess.csproj", "{731E5755-C044-433B-B25B-742DF44C0148}"
EndProject
Project("{FAE04EC0-301F-11D3-BF4B-00C04F79EFBC}") = "Businness", "Businness\Businness.csproj", "{37A8905E-F14C-4738-B148-8F982FF71306}"
EndProject
Project("{FAE04EC0-301F-11D3-BF4B-00C04F79EFBC}") = "Entities", "Entities\Entities.csproj", "{F7103951-3F43-42C8-A338-40157FE0EBB5}"
EndProject
Global
	GlobalSection(SolutionConfigurationPlatforms) = preSolution
		Debug|Any CPU = Debug|Any CPU
		Release|Any CPU = Release|Any CPU
	EndGlobalSection
	GlobalSection(ProjectConfigurationPlatforms) = postSolution
		{233F15FE-CAC6-43C1-B8DE-B614B279B826}.Debug|Any CPU.ActiveCfg = Debug|Any CPU
		{233F15FE-CAC6-43C1-B8DE-B614B279B826}.Debug|Any CPU.Build.0 = Debug|Any CPU
		{233F15FE-CAC6-43C1-B8DE-B614B279B826}.Release|Any CPU.ActiveCfg = Release|Any CPU
		{233F15FE-CAC6-43C1-B8DE-B614B279B826}.Release|Any CPU.Build.0 = Release|Any CPU
		{731E5755-C044-433B-B25B-742DF44C0148}.Debug|Any CPU.ActiveCfg = Debug|Any CPU
		{731E5755-C044-433B-B25B-742DF44C0148}.Debug|Any CPU.Build.0 = Debug|Any CPU
		{731E5755-C044-433B-B25B-742DF44C0148}.Release|Any CPU.ActiveCfg = Release|Any CPU
		{731E5755-C044-433B-B25B-742DF44C0148}.Release|Any CPU.Build.0 = Release|Any CPU
		{37A8905E-F14C-4738-B148-8F982FF71306}.Debug|Any CPU.ActiveCfg = Debug|Any CPU
		{37A8905E-F14C-4738-B148-8F982FF71306}.Debug|Any CPU.Build.0 = Debug|Any CPU
		{37A8905E-F14C-4738-B148-8F982FF71306}.Release|Any CPU.ActiveCfg = Release|Any CPU
		{37A8905E-F14C-4738-B148-8F982FF71306}.Release|Any CPU.Build.0 = Release|Any CPU
		{F7103951-3F43-42C8-A338-40157FE0EBB5}.Debug|Any CPU.ActiveCfg = Debug|Any CPU
		{F7103951-3F43-42C8-A338-40157FE0EBB5}.Debug|Any CPU.Build.0 = Debug|Any CPU
		{F7103951-3F43-42C8-A338-40157FE0EBB5}.Release|Any CPU.ActiveCfg = Release|Any CPU
		{F7103951-3F43-42C8-A338-40157FE0EBB5}.Release|Any CPU.Build.0 = Release|Any CPU
	EndGlobalSection
	GlobalSection(SolutionProperties) = preSolution
		HideSolutionNode = FALSE
	EndGlobalSection
	GlobalSection(ExtensibilityGlobals) = postSolution
		SolutionGuid = {54D1CCCB-3B69-4C40-A2A9-50798C71C9A5}
	EndGlobalSection
EndGlobal
